
Microsoft Visual Studio Solution File, Format Version 12.00
# Visual Studio Version 16
VisualStudioVersion = 16.0.29215.179
MinimumVisualStudioVersion = 10.0.40219.1
Project("{FAE04EC0-301F-11D3-BF4B-00C04F79EFBC}") = "NaLI-Personal", "NaLI-Personal\NaLI-Personal.csproj", "{D4BC751D-5601-465B-838B-0FDA940F7AC4}"
EndProject
Global
	GlobalSection(SolutionConfigurationPlatforms) = preSolution
		Debug|Any CPU = Debug|Any CPU
		Release|Any CPU = Release|Any CPU
	EndGlobalSection
	GlobalSection(ProjectConfigurationPlatforms) = postSolution
		{D4BC751D-5601-465B-838B-0FDA940F7AC4}.Debug|Any CPU.ActiveCfg = Debug|Any CPU
		{D4BC751D-5601-465B-838B-0FDA940F7AC4}.Debug|Any CPU.Build.0 = Debug|Any CPU
		{D4BC751D-5601-465B-838B-0FDA940F7AC4}.Release|Any CPU.ActiveCfg = Release|Any CPU
		{D4BC751D-5601-465B-838B-0FDA940F7AC4}.Release|Any CPU.Build.0 = Release|Any CPU
	EndGlobalSection
	GlobalSection(SolutionProperties) = preSolution
		HideSolutionNode = FALSE
	EndGlobalSection
	GlobalSection(ExtensibilityGlobals) = postSolution
		SolutionGuid = {7186F919-CF15-4F89-B759-D8A64197DBDB}
	EndGlobalSection
EndGlobal
