
Microsoft Visual Studio Solution File, Format Version 12.00
# Visual Studio Version 16
VisualStudioVersion = 16.0.29215.179
MinimumVisualStudioVersion = 10.0.40219.1
Project("{FAE04EC0-301F-11D3-BF4B-00C04F79EFBC}") = "NA-LI-WEB", "NA-LI-WEB\NA-LI-WEB.csproj", "{035AA80A-FD4E-487F-9938-9D53BE689795}"
EndProject
Global
	GlobalSection(SolutionConfigurationPlatforms) = preSolution
		Debug|Any CPU = Debug|Any CPU
		Release|Any CPU = Release|Any CPU
	EndGlobalSection
	GlobalSection(ProjectConfigurationPlatforms) = postSolution
		{035AA80A-FD4E-487F-9938-9D53BE689795}.Debug|Any CPU.ActiveCfg = Debug|Any CPU
		{035AA80A-FD4E-487F-9938-9D53BE689795}.Debug|Any CPU.Build.0 = Debug|Any CPU
		{035AA80A-FD4E-487F-9938-9D53BE689795}.Release|Any CPU.ActiveCfg = Release|Any CPU
		{035AA80A-FD4E-487F-9938-9D53BE689795}.Release|Any CPU.Build.0 = Release|Any CPU
	EndGlobalSection
	GlobalSection(SolutionProperties) = preSolution
		HideSolutionNode = FALSE
	EndGlobalSection
	GlobalSection(ExtensibilityGlobals) = postSolution
		SolutionGuid = {22338F82-06A8-4C7C-87F3-BB37FEB141E2}
	EndGlobalSection
EndGlobal
